
Microsoft Visual Studio Solution File, Format Version 12.00
# Visual Studio 14
VisualStudioVersion = 14.0.25420.1
MinimumVisualStudioVersion = 10.0.40219.1
Project("{FAE04EC0-301F-11D3-BF4B-00C04F79EFBC}") = "XComponent.Functions", "XComponent.Functions\XComponent.Functions.csproj", "{5653C5BF-16E8-4B95-81D7-E70254B0B6F8}"
EndProject
Project("{FAE04EC0-301F-11D3-BF4B-00C04F79EFBC}") = "XComponent.Functions.Test", "XComponent.Functions.Test\XComponent.Functions.Test.csproj", "{C462BA6B-9BFE-485C-AD50-21071417F69C}"
EndProject
Global
	GlobalSection(SolutionConfigurationPlatforms) = preSolution
		Debug|Any CPU = Debug|Any CPU
		Release|Any CPU = Release|Any CPU
	EndGlobalSection
	GlobalSection(ProjectConfigurationPlatforms) = postSolution
		{5653C5BF-16E8-4B95-81D7-E70254B0B6F8}.Debug|Any CPU.ActiveCfg = Debug|Any CPU
		{5653C5BF-16E8-4B95-81D7-E70254B0B6F8}.Debug|Any CPU.Build.0 = Debug|Any CPU
		{5653C5BF-16E8-4B95-81D7-E70254B0B6F8}.Release|Any CPU.ActiveCfg = Release|Any CPU
		{5653C5BF-16E8-4B95-81D7-E70254B0B6F8}.Release|Any CPU.Build.0 = Release|Any CPU
		{C462BA6B-9BFE-485C-AD50-21071417F69C}.Debug|Any CPU.ActiveCfg = Debug|Any CPU
		{C462BA6B-9BFE-485C-AD50-21071417F69C}.Debug|Any CPU.Build.0 = Debug|Any CPU
		{C462BA6B-9BFE-485C-AD50-21071417F69C}.Release|Any CPU.ActiveCfg = Release|Any CPU
		{C462BA6B-9BFE-485C-AD50-21071417F69C}.Release|Any CPU.Build.0 = Release|Any CPU
	EndGlobalSection
	GlobalSection(SolutionProperties) = preSolution
		HideSolutionNode = FALSE
	EndGlobalSection
EndGlobal
